// !$*UTF8*$!
{
	archiveVersion = 1;
	classes = {
	};
	objectVersion = 46;
	objects = {

/* Begin PBXBuildFile section */
		B24F37CD1D8746A30009C7E3 /* main.m in Sources */ = {isa = PBXBuildFile; fileRef = B24F37CC1D8746A30009C7E3 /* main.m */; };
		B24F37D01D8746A30009C7E3 /* AppDelegate.m in Sources */ = {isa = PBXBuildFile; fileRef = B24F37CF1D8746A30009C7E3 /* AppDelegate.m */; };
		B24F37D61D8746A30009C7E3 /* Main.storyboard in Resources */ = {isa = PBXBuildFile; fileRef = B24F37D41D8746A30009C7E3 /* Main.storyboard */; };
		B24F37D91D8746A30009C7E3 /* weatherApp.xcdatamodeld in Sources */ = {isa = PBXBuildFile; fileRef = B24F37D71D8746A30009C7E3 /* weatherApp.xcdatamodeld */; };
		B24F37DB1D8746A30009C7E3 /* Assets.xcassets in Resources */ = {isa = PBXBuildFile; fileRef = B24F37DA1D8746A30009C7E3 /* Assets.xcassets */; };
		B24F37DE1D8746A30009C7E3 /* LaunchScreen.storyboard in Resources */ = {isa = PBXBuildFile; fileRef = B24F37DC1D8746A30009C7E3 /* LaunchScreen.storyboard */; };
		B24F37E91D8746A30009C7E3 /* weatherAppTests.m in Sources */ = {isa = PBXBuildFile; fileRef = B24F37E81D8746A30009C7E3 /* weatherAppTests.m */; };
		B24F37F91D87512B0009C7E3 /* CityTableViewController.m in Sources */ = {isa = PBXBuildFile; fileRef = B24F37F71D87512B0009C7E3 /* CityTableViewController.m */; };
		B24F37FA1D87512B0009C7E3 /* CityTableViewController.xib in Resources */ = {isa = PBXBuildFile; fileRef = B24F37F81D87512B0009C7E3 /* CityTableViewController.xib */; };
/* End PBXBuildFile section */

/* Begin PBXContainerItemProxy section */
		B24F37E51D8746A30009C7E3 /* PBXContainerItemProxy */ = {
			isa = PBXContainerItemProxy;
			containerPortal = B24F37C01D8746A20009C7E3 /* Project object */;
			proxyType = 1;
			remoteGlobalIDString = B24F37C71D8746A20009C7E3;
			remoteInfo = weatherApp;
		};
/* End PBXContainerItemProxy section */

/* Begin PBXFileReference section */
		B24F37C81D8746A30009C7E3 /* weatherApp.app */ = {isa = PBXFileReference; explicitFileType = wrapper.application; includeInIndex = 0; path = weatherApp.app; sourceTree = BUILT_PRODUCTS_DIR; };
		B24F37CC1D8746A30009C7E3 /* main.m */ = {isa = PBXFileReference; lastKnownFileType = sourcecode.c.objc; path = main.m; sourceTree = "<group>"; };
		B24F37CE1D8746A30009C7E3 /* AppDelegate.h */ = {isa = PBXFileReference; lastKnownFileType = sourcecode.c.h; path = AppDelegate.h; sourceTree = "<group>"; };
		B24F37CF1D8746A30009C7E3 /* AppDelegate.m */ = {isa = PBXFileReference; lastKnownFileType = sourcecode.c.objc; path = AppDelegate.m; sourceTree = "<group>"; };
		B24F37D51D8746A30009C7E3 /* Base */ = {isa = PBXFileReference; lastKnownFileType = file.storyboard; name = Base; path = Base.lproj/Main.storyboard; sourceTree = "<group>"; };
		B24F37D81D8746A30009C7E3 /* weatherApp.xcdatamodel */ = {isa = PBXFileReference; lastKnownFileType = wrapper.xcdatamodel; path = weatherApp.xcdatamodel; sourceTree = "<group>"; };
		B24F37DA1D8746A30009C7E3 /* Assets.xcassets */ = {isa = PBXFileReference; lastKnownFileType = folder.assetcatalog; path = Assets.xcassets; sourceTree = "<group>"; };
		B24F37DD1D8746A30009C7E3 /* Base */ = {isa = PBXFileReference; lastKnownFileType = file.storyboard; name = Base; path = Base.lproj/LaunchScreen.storyboard; sourceTree = "<group>"; };
		B24F37DF1D8746A30009C7E3 /* Info.plist */ = {isa = PBXFileReference; lastKnownFileType = text.plist.xml; path = Info.plist; sourceTree = "<group>"; };
		B24F37E41D8746A30009C7E3 /* weatherAppTests.xctest */ = {isa = PBXFileReference; explicitFileType = wrapper.cfbundle; includeInIndex = 0; path = weatherAppTests.xctest; sourceTree = BUILT_PRODUCTS_DIR; };
		B24F37E81D8746A30009C7E3 /* weatherAppTests.m */ = {isa = PBXFileReference; lastKnownFileType = sourcecode.c.objc; path = weatherAppTests.m; sourceTree = "<group>"; };
		B24F37EA1D8746A30009C7E3 /* Info.plist */ = {isa = PBXFileReference; lastKnownFileType = text.plist.xml; path = Info.plist; sourceTree = "<group>"; };
		B24F37F61D87512B0009C7E3 /* CityTableViewController.h */ = {isa = PBXFileReference; fileEncoding = 4; lastKnownFileType = sourcecode.c.h; name = CityTableViewController.h; path = weatherApp/CityTableViewController.h; sourceTree = "<group>"; };
		B24F37F71D87512B0009C7E3 /* CityTableViewController.m */ = {isa = PBXFileReference; fileEncoding = 4; lastKnownFileType = sourcecode.c.objc; name = CityTableViewController.m; path = weatherApp/CityTableViewController.m; sourceTree = "<group>"; };
		B24F37F81D87512B0009C7E3 /* CityTableViewController.xib */ = {isa = PBXFileReference; fileEncoding = 4; lastKnownFileType = file.xib; name = CityTableViewController.xib; path = weatherApp/CityTableViewController.xib; sourceTree = "<group>"; };
/* End PBXFileReference section */

/* Begin PBXFrameworksBuildPhase section */
		B24F37C51D8746A20009C7E3 /* Frameworks */ = {
			isa = PBXFrameworksBuildPhase;
			buildActionMask = 2147483647;
			files = (
			);
			runOnlyForDeploymentPostprocessing = 0;
		};
		B24F37E11D8746A30009C7E3 /* Frameworks */ = {
			isa = PBXFrameworksBuildPhase;
			buildActionMask = 2147483647;
			files = (
			);
			runOnlyForDeploymentPostprocessing = 0;
		};
/* End PBXFrameworksBuildPhase section */

/* Begin PBXGroup section */
		B24F37BF1D8746A20009C7E3 = {
			isa = PBXGroup;
			children = (
				B24F37F61D87512B0009C7E3 /* CityTableViewController.h */,
				B24F37F71D87512B0009C7E3 /* CityTableViewController.m */,
				B24F37F81D87512B0009C7E3 /* CityTableViewController.xib */,
				B24F37CA1D8746A30009C7E3 /* weatherApp */,
				B24F37E71D8746A30009C7E3 /* weatherAppTests */,
				B24F37C91D8746A30009C7E3 /* Products */,
			);
			sourceTree = "<group>";
		};
		B24F37C91D8746A30009C7E3 /* Products */ = {
			isa = PBXGroup;
			children = (
				B24F37C81D8746A30009C7E3 /* weatherApp.app */,
				B24F37E41D8746A30009C7E3 /* weatherAppTests.xctest */,
			);
			name = Products;
			sourceTree = "<group>";
		};
		B24F37CA1D8746A30009C7E3 /* weatherApp */ = {
			isa = PBXGroup;
			children = (
				B24F37CE1D8746A30009C7E3 /* AppDelegate.h */,
				B24F37CF1D8746A30009C7E3 /* AppDelegate.m */,
				B24F37D41D8746A30009C7E3 /* Main.storyboard */,
				B24F37DA1D8746A30009C7E3 /* Assets.xcassets */,
				B24F37DC1D8746A30009C7E3 /* LaunchScreen.storyboard */,
				B24F37DF1D8746A30009C7E3 /* Info.plist */,
				B24F37D71D8746A30009C7E3 /* weatherApp.xcdatamodeld */,
				B24F37CB1D8746A30009C7E3 /* Supporting Files */,
			);
			path = weatherApp;
			sourceTree = "<group>";
		};
		B24F37CB1D8746A30009C7E3 /* Supporting Files */ = {
			isa = PBXGroup;
			children = (
				B24F37CC1D8746A30009C7E3 /* main.m */,
			);
			name = "Supporting Files";
			sourceTree = "<group>";
		};
		B24F37E71D8746A30009C7E3 /* weatherAppTests */ = {
			isa = PBXGroup;
			children = (
				B24F37E81D8746A30009C7E3 /* weatherAppTests.m */,
				B24F37EA1D8746A30009C7E3 /* Info.plist */,
			);
			path = weatherAppTests;
			sourceTree = "<group>";
		};
/* End PBXGroup section */

/* Begin PBXNativeTarget section */
		B24F37C71D8746A20009C7E3 /* weatherApp */ = {
			isa = PBXNativeTarget;
			buildConfigurationList = B24F37ED1D8746A30009C7E3 /* Build configuration list for PBXNativeTarget "weatherApp" */;
			buildPhases = (
				B24F37C41D8746A20009C7E3 /* Sources */,
				B24F37C51D8746A20009C7E3 /* Frameworks */,
				B24F37C61D8746A20009C7E3 /* Resources */,
			);
			buildRules = (
			);
			dependencies = (
			);
			name = weatherApp;
			productName = weatherApp;
			productReference = B24F37C81D8746A30009C7E3 /* weatherApp.app */;
			productType = "com.apple.product-type.application";
		};
		B24F37E31D8746A30009C7E3 /* weatherAppTests */ = {
			isa = PBXNativeTarget;
			buildConfigurationList = B24F37F01D8746A30009C7E3 /* Build configuration list for PBXNativeTarget "weatherAppTests" */;
			buildPhases = (
				B24F37E01D8746A30009C7E3 /* Sources */,
				B24F37E11D8746A30009C7E3 /* Frameworks */,
				B24F37E21D8746A30009C7E3 /* Resources */,
			);
			buildRules = (
			);
			dependencies = (
				B24F37E61D8746A30009C7E3 /* PBXTargetDependency */,
			);
			name = weatherAppTests;
			productName = weatherAppTests;
			productReference = B24F37E41D8746A30009C7E3 /* weatherAppTests.xctest */;
			productType = "com.apple.product-type.bundle.unit-test";
		};
/* End PBXNativeTarget section */

/* Begin PBXProject section */
		B24F37C01D8746A20009C7E3 /* Project object */ = {
			isa = PBXProject;
			attributes = {
				LastUpgradeCheck = 0730;
				ORGANIZATIONNAME = com;
				TargetAttributes = {
					B24F37C71D8746A20009C7E3 = {
						CreatedOnToolsVersion = 7.3.1;
					};
					B24F37E31D8746A30009C7E3 = {
						CreatedOnToolsVersion = 7.3.1;
						TestTargetID = B24F37C71D8746A20009C7E3;
					};
				};
			};
			buildConfigurationList = B24F37C31D8746A20009C7E3 /* Build configuration list for PBXProject "weatherApp" */;
			compatibilityVersion = "Xcode 3.2";
			developmentRegion = English;
			hasScannedForEncodings = 0;
			knownRegions = (
				en,
				Base,
			);
			mainGroup = B24F37BF1D8746A20009C7E3;
			productRefGroup = B24F37C91D8746A30009C7E3 /* Products */;
			projectDirPath = "";
			projectRoot = "";
			targets = (
				B24F37C71D8746A20009C7E3 /* weatherApp */,
				B24F37E31D8746A30009C7E3 /* weatherAppTests */,
			);
		};
/* End PBXProject section */

/* Begin PBXResourcesBuildPhase section */
		B24F37C61D8746A20009C7E3 /* Resources */ = {
			isa = PBXResourcesBuildPhase;
			buildActionMask = 2147483647;
			files = (
				B24F37FA1D87512B0009C7E3 /* CityTableViewController.xib in Resources */,
				B24F37DE1D8746A30009C7E3 /* LaunchScreen.storyboard in Resources */,
				B24F37DB1D8746A30009C7E3 /* Assets.xcassets in Resources */,
				B24F37D61D8746A30009C7E3 /* Main.storyboard in Resources */,
			);
			runOnlyForDeploymentPostprocessing = 0;
		};
		B24F37E21D8746A30009C7E3 /* Resources */ = {
			isa = PBXResourcesBuildPhase;
			buildActionMask = 2147483647;
			files = (
			);
			runOnlyForDeploymentPostprocessing = 0;
		};
/* End PBXResourcesBuildPhase section */

/* Begin PBXSourcesBuildPhase section */
		B24F37C41D8746A20009C7E3 /* Sources */ = {
			isa = PBXSourcesBuildPhase;
			buildActionMask = 2147483647;
			files = (
				B24F37D91D8746A30009C7E3 /* weatherApp.xcdatamodeld in Sources */,
				B24F37F91D87512B0009C7E3 /* CityTableViewController.m in Sources */,
				B24F37D01D8746A30009C7E3 /* AppDelegate.m in Sources */,
				B24F37CD1D8746A30009C7E3 /* main.m in Sources */,
			);
			runOnlyForDeploymentPostprocessing = 0;
		};
		B24F37E01D8746A30009C7E3 /* Sources */ = {
			isa = PBXSourcesBuildPhase;
			buildActionMask = 2147483647;
			files = (
				B24F37E91D8746A30009C7E3 /* weatherAppTests.m in Sources */,
			);
			runOnlyForDeploymentPostprocessing = 0;
		};
/* End PBXSourcesBuildPhase section */

/* Begin PBXTargetDependency section */
		B24F37E61D8746A30009C7E3 /* PBXTargetDependency */ = {
			isa = PBXTargetDependency;
			target = B24F37C71D8746A20009C7E3 /* weatherApp */;
			targetProxy = B24F37E51D8746A30009C7E3 /* PBXContainerItemProxy */;
		};
/* End PBXTargetDependency section */

/* Begin PBXVariantGroup section */
		B24F37D41D8746A30009C7E3 /* Main.storyboard */ = {
			isa = PBXVariantGroup;
			children = (
				B24F37D51D8746A30009C7E3 /* Base */,
			);
			name = Main.storyboard;
			sourceTree = "<group>";
		};
		B24F37DC1D8746A30009C7E3 /* LaunchScreen.storyboard */ = {
			isa = PBXVariantGroup;
			children = (
				B24F37DD1D8746A30009C7E3 /* Base */,
			);
			name = LaunchScreen.storyboard;
			sourceTree = "<group>";
		};
/* End PBXVariantGroup section */

/* Begin XCBuildConfiguration section */
		B24F37EB1D8746A30009C7E3 /* Debug */ = {
			isa = XCBuildConfiguration;
			buildSettings = {
				ALWAYS_SEARCH_USER_PATHS = NO;
				CLANG_ANALYZER_NONNULL = YES;
				CLANG_CXX_LANGUAGE_STANDARD = "gnu++0x";
				CLANG_CXX_LIBRARY = "libc++";
				CLANG_ENABLE_MODULES = YES;
				CLANG_ENABLE_OBJC_ARC = YES;
				CLANG_WARN_BOOL_CONVERSION = YES;
				CLANG_WARN_CONSTANT_CONVERSION = YES;
				CLANG_WARN_DIRECT_OBJC_ISA_USAGE = YES_ERROR;
				CLANG_WARN_EMPTY_BODY = YES;
				CLANG_WARN_ENUM_CONVERSION = YES;
				CLANG_WARN_INT_CONVERSION = YES;
				CLANG_WARN_OBJC_ROOT_CLASS = YES_ERROR;
				CLANG_WARN_UNREACHABLE_CODE = YES;
				CLANG_WARN__DUPLICATE_METHOD_MATCH = YES;
				"CODE_SIGN_IDENTITY[sdk=iphoneos*]" = "iPhone Developer";
				COPY_PHASE_STRIP = NO;
				DEBUG_INFORMATION_FORMAT = dwarf;
				ENABLE_STRICT_OBJC_MSGSEND = YES;
				ENABLE_TESTABILITY = YES;
				GCC_C_LANGUAGE_STANDARD = gnu99;
				GCC_DYNAMIC_NO_PIC = NO;
				GCC_NO_COMMON_BLOCKS = YES;
				GCC_OPTIMIZATION_LEVEL = 0;
				GCC_PREPROCESSOR_DEFINITIONS = (
					"DEBUG=1",
					"$(inherited)",
				);
				GCC_WARN_64_TO_32_BIT_CONVERSION = YES;
				GCC_WARN_ABOUT_RETURN_TYPE = YES_ERROR;
				GCC_WARN_UNDECLARED_SELECTOR = YES;
				GCC_WARN_UNINITIALIZED_AUTOS = YES_AGGRESSIVE;
				GCC_WARN_UNUSED_FUNCTION = YES;
				GCC_WARN_UNUSED_VARIABLE = YES;
				IPHONEOS_DEPLOYMENT_TARGET = 9.3;
				MTL_ENABLE_DEBUG_INFO = YES;
				ONLY_ACTIVE_ARCH = YES;
				SDKROOT = iphoneos;
				TARGETED_DEVICE_FAMILY = "1,2";
			};
			name = Debug;
		};
		B24F37EC1D8746A30009C7E3 /* Release */ = {
			isa = XCBuildConfiguration;
			buildSettings = {
				ALWAYS_SEARCH_USER_PATHS = NO;
				CLANG_ANALYZER_NONNULL = YES;
				CLANG_CXX_LANGUAGE_STANDARD = "gnu++0x";
				CLANG_CXX_LIBRARY = "libc++";
				CLANG_ENABLE_MODULES = YES;
				CLANG_ENABLE_OBJC_ARC = YES;
				CLANG_WARN_BOOL_CONVERSION = YES;
				CLANG_WARN_CONSTANT_CONVERSION = YES;
				CLANG_WARN_DIRECT_OBJC_ISA_USAGE = YES_ERROR;
				CLANG_WARN_EMPTY_BODY = YES;
				CLANG_WARN_ENUM_CONVERSION = YES;
				CLANG_WARN_INT_CONVERSION = YES;
				CLANG_WARN_OBJC_ROOT_CLASS = YES_ERROR;
				CLANG_WARN_UNREACHABLE_CODE = YES;
				CLANG_WARN__DUPLICATE_METHOD_MATCH = YES;
				"CODE_SIGN_IDENTITY[sdk=iphoneos*]" = "iPhone Developer";
				COPY_PHASE_STRIP = NO;
				DEBUG_INFORMATION_FORMAT = "dwarf-with-dsym";
				ENABLE_NS_ASSERTIONS = NO;
				ENABLE_STRICT_OBJC_MSGSEND = YES;
				GCC_C_LANGUAGE_STANDARD = gnu99;
				GCC_NO_COMMON_BLOCKS = YES;
				GCC_WARN_64_TO_32_BIT_CONVERSION = YES;
				GCC_WARN_ABOUT_RETURN_TYPE = YES_ERROR;
				GCC_WARN_UNDECLARED_SELECTOR = YES;
				GCC_WARN_UNINITIALIZED_AUTOS = YES_AGGRESSIVE;
				GCC_WARN_UNUSED_FUNCTION = YES;
				GCC_WARN_UNUSED_VARIABLE = YES;
				IPHONEOS_DEPLOYMENT_TARGET = 9.3;
				MTL_ENABLE_DEBUG_INFO = NO;
				SDKROOT = iphoneos;
				TARGETED_DEVICE_FAMILY = "1,2";
				VALIDATE_PRODUCT = YES;
			};
			name = Release;
		};
		B24F37EE1D8746A30009C7E3 /* Debug */ = {
			isa = XCBuildConfiguration;
			buildSettings = {
				ASSETCATALOG_COMPILER_APPICON_NAME = AppIcon;
				INFOPLIST_FILE = weatherApp/Info.plist;
				LD_RUNPATH_SEARCH_PATHS = "$(inherited) @executable_path/Frameworks";
				PRODUCT_BUNDLE_IDENTIFIER = com.weatherApp;
				PRODUCT_NAME = "$(TARGET_NAME)";
			};
			name = Debug;
		};
		B24F37EF1D8746A30009C7E3 /* Release */ = {
			isa = XCBuildConfiguration;
			buildSettings = {
				ASSETCATALOG_COMPILER_APPICON_NAME = AppIcon;
				INFOPLIST_FILE = weatherApp/Info.plist;
				LD_RUNPATH_SEARCH_PATHS = "$(inherited) @executable_path/Frameworks";
				PRODUCT_BUNDLE_IDENTIFIER = com.weatherApp;
				PRODUCT_NAME = "$(TARGET_NAME)";
			};
			name = Release;
		};
		B24F37F11D8746A30009C7E3 /* Debug */ = {
			isa = XCBuildConfiguration;
			buildSettings = {
				BUNDLE_LOADER = "$(TEST_HOST)";
				INFOPLIST_FILE = weatherAppTests/Info.plist;
				LD_RUNPATH_SEARCH_PATHS = "$(inherited) @executable_path/Frameworks @loader_path/Frameworks";
				PRODUCT_BUNDLE_IDENTIFIER = com.weatherAppTests;
				PRODUCT_NAME = "$(TARGET_NAME)";
				TEST_HOST = "$(BUILT_PRODUCTS_DIR)/weatherApp.app/weatherApp";
			};
			name = Debug;
		};
		B24F37F21D8746A30009C7E3 /* Release */ = {
			isa = XCBuildConfiguration;
			buildSettings = {
				BUNDLE_LOADER = "$(TEST_HOST)";
				INFOPLIST_FILE = weatherAppTests/Info.plist;
				LD_RUNPATH_SEARCH_PATHS = "$(inherited) @executable_path/Frameworks @loader_path/Frameworks";
				PRODUCT_BUNDLE_IDENTIFIER = com.weatherAppTests;
				PRODUCT_NAME = "$(TARGET_NAME)";
				TEST_HOST = "$(BUILT_PRODUCTS_DIR)/weatherApp.app/weatherApp";
			};
			name = Release;
		};
/* End XCBuildConfiguration section */

/* Begin XCConfigurationList section */
		B24F37C31D8746A20009C7E3 /* Build configuration list for PBXProject "weatherApp" */ = {
			isa = XCConfigurationList;
			buildConfigurations = (
				B24F37EB1D8746A30009C7E3 /* Debug */,
				B24F37EC1D8746A30009C7E3 /* Release */,
			);
			defaultConfigurationIsVisible = 0;
			defaultConfigurationName = Release;
		};
		B24F37ED1D8746A30009C7E3 /* Build configuration list for PBXNativeTarget "weatherApp" */ = {
			isa = XCConfigurationList;
			buildConfigurations = (
				B24F37EE1D8746A30009C7E3 /* Debug */,
				B24F37EF1D8746A30009C7E3 /* Release */,
			);
			defaultConfigurationIsVisible = 0;
			defaultConfigurationName = Release;
		};
		B24F37F01D8746A30009C7E3 /* Build configuration list for PBXNativeTarget "weatherAppTests" */ = {
			isa = XCConfigurationList;
			buildConfigurations = (
				B24F37F11D8746A30009C7E3 /* Debug */,
				B24F37F21D8746A30009C7E3 /* Release */,
			);
			defaultConfigurationIsVisible = 0;
			defaultConfigurationName = Release;
		};
/* End XCConfigurationList section */

/* Begin XCVersionGroup section */
		B24F37D71D8746A30009C7E3 /* weatherApp.xcdatamodeld */ = {
			isa = XCVersionGroup;
			children = (
				B24F37D81D8746A30009C7E3 /* weatherApp.xcdatamodel */,
			);
			currentVersion = B24F37D81D8746A30009C7E3 /* weatherApp.xcdatamodel */;
			path = weatherApp.xcdatamodeld;
			sourceTree = "<group>";
			versionGroupType = wrapper.xcdatamodel;
		};
/* End XCVersionGroup section */
	};
	rootObject = B24F37C01D8746A20009C7E3 /* Project object */;
}
